# This file is automatically @generated by Cargo.
# It is not intended for manual editing.
version = 4

[[package]]
name = "matchar_app_adapter"
version = "0.1.0"
dependencies = [
 "matchar_app_service",
]

[[package]]
name = "matchar_app_backend"
version = "0.1.0"
dependencies = [
 "matchar_app_adapter",
 "matchar_app_service",
]

[[package]]
name = "matchar_app_service"
version = "0.1.0"
